<?xml version="1.0" encoding="utf-8"?>
<Project ToolsVersion="4.0" xmlns="http://schemas.microsoft.com/developer/msbuild/2003">
  <ItemGroup>
    <Filter Include="component">
      <UniqueIdentifier>{18DEAB42-8448-60B9-CD86-115F39303E0E}</UniqueIdentifier>
    </Filter>
    <Filter Include="scene">
      <UniqueIdentifier>{D3075810-3F1C-80C1-089E-232174717CF2}</UniqueIdentifier>
    </Filter>
    <Filter Include="system">
      <UniqueIdentifier>{8AE4EE1C-7686-19F3-5F41-2D474B82A043}</UniqueIdentifier>
    </Filter>
  </ItemGroup>
  <ItemGroup>
    <ClInclude Include="code\FrameWork.h" />
    <ClInclude Include="code\MyGame.h" />
    <ClInclude Include="code\component\BulletSpawner.h">
      <Filter>component</Filter>
    </ClInclude>
    <ClInclude Include="code\component\CharacterStatus.h">
      <Filter>component</Filter>
    </ClInclude>
    <ClInclude Include="code\scene\GameScene.h">
      <Filter>scene</Filter>
    </ClInclude>
    <ClInclude Include="code\system\CharacterOnCollision.h">
      <Filter>system</Filter>
    </ClInclude>
    <ClInclude Include="code\system\DeleteCharacterEntitySystem.h">
      <Filter>system</Filter>
    </ClInclude>
    <ClInclude Include="code\system\PlayerInputSystem.h">
      <Filter>system</Filter>
    </ClInclude>
    <ClInclude Include="code\system\ShotBulletSystem.h">
      <Filter>system</Filter>
    </ClInclude>
    <ClInclude Include="code\component\Button.h" />
    <ClInclude Include="code\scene\TitleScene.h" />
    <ClInclude Include="code\system\ButtonInputSystem.h" />
    <ClInclude Include="code\system\UpdateButtonColorByState.h" />
    <ClInclude Include="code\component\SceneChanger.h" />
    <ClInclude Include="code\system\ChangeSceneByButton.h" />
  </ItemGroup>
  <ItemGroup>
    <ClCompile Include="code\FrameWork.cpp" />
    <ClCompile Include="code\MyGame.cpp" />
    <ClCompile Include="code\component\BulletSpawner.cpp">
      <Filter>component</Filter>
    </ClCompile>
    <ClCompile Include="code\component\CharacterStatus.cpp">
      <Filter>component</Filter>
    </ClCompile>
    <ClCompile Include="code\scene\GameScene.cpp">
      <Filter>scene</Filter>
    </ClCompile>
    <ClCompile Include="code\system\CharacterOnCollision.cpp">
      <Filter>system</Filter>
    </ClCompile>
    <ClCompile Include="code\system\DeleteCharacterEntitySystem.cpp">
      <Filter>system</Filter>
    </ClCompile>
    <ClCompile Include="code\system\PlayerInputSystem.cpp">
      <Filter>system</Filter>
    </ClCompile>
    <ClCompile Include="code\system\ShotBulletSystem.cpp">
      <Filter>system</Filter>
    </ClCompile>
    <ClCompile Include="code\component\Button.cpp" />
    <ClCompile Include="code\scene\TitleScene.cpp" />
    <ClCompile Include="code\system\ButtonInputSystem.cpp" />
    <ClCompile Include="code\system\UpdateButtonColorByState.cpp" />
    <ClCompile Include="code\component\SceneChanger.cpp" />
    <ClCompile Include="code\system\ChangeSceneByButton.cpp" />
  </ItemGroup>
  <ItemGroup>
    <Text Include="component\ComponentTemplate.txt" />
  </ItemGroup>
</Project>