<?xml version="1.0" encoding="utf-8"?>
<Project ToolsVersion="4.0" xmlns="http://schemas.microsoft.com/developer/msbuild/2003">
  <ItemGroup>
    <Filter Include="component">
      <UniqueIdentifier>{18DEAB42-8448-60B9-CD86-115F39303E0E}</UniqueIdentifier>
    </Filter>
    <Filter Include="scene">
      <UniqueIdentifier>{D3075810-3F1C-80C1-089E-232174717CF2}</UniqueIdentifier>
    </Filter>
    <Filter Include="system">
      <UniqueIdentifier>{8AE4EE1C-7686-19F3-5F41-2D474B82A043}</UniqueIdentifier>
    </Filter>
    <Filter Include="component\Player">
      <UniqueIdentifier>{e2593c78-ff3d-4a9c-acf8-8aef05a8bc1e}</UniqueIdentifier>
    </Filter>
    <Filter Include="component\Piller">
      <UniqueIdentifier>{c53cad7a-ce76-4868-ad03-8f44926c3b6b}</UniqueIdentifier>
    </Filter>
    <Filter Include="component\Floor">
      <UniqueIdentifier>{038b10e6-4b3c-4d3e-876e-3da96a6e135c}</UniqueIdentifier>
    </Filter>
    <Filter Include="system\Floor">
      <UniqueIdentifier>{a5fbbbd1-5529-4545-b3a2-860f0d5e1f1c}</UniqueIdentifier>
    </Filter>
    <Filter Include="system\Piller">
      <UniqueIdentifier>{0e007c2c-d9f3-4b52-b934-7c68aa10f810}</UniqueIdentifier>
    </Filter>
    <Filter Include="system\Player">
      <UniqueIdentifier>{95a74daa-d55e-4028-8a38-bdd24385a74c}</UniqueIdentifier>
    </Filter>
    <Filter Include="component\ShockWave">
      <UniqueIdentifier>{edac6470-6681-4ed5-b37b-66f36d95e14d}</UniqueIdentifier>
    </Filter>
    <Filter Include="component\Bom">
      <UniqueIdentifier>{84344a41-1417-4f31-abc9-5145921e0284}</UniqueIdentifier>
    </Filter>
    <Filter Include="system\Bom">
      <UniqueIdentifier>{7b32cabe-ad52-4818-8c26-77146879c2bd}</UniqueIdentifier>
    </Filter>
    <Filter Include="system\FloorAndPiller">
      <UniqueIdentifier>{f67cf5a1-51bd-4b81-983e-7a018469502c}</UniqueIdentifier>
    </Filter>
    <Filter Include="component\Combo">
      <UniqueIdentifier>{1ef805d2-06e8-4a7d-9ce0-8b5ae99eb21a}</UniqueIdentifier>
    </Filter>
    <Filter Include="system\Combo">
      <UniqueIdentifier>{6048f786-db75-42d8-a089-3b16efdd8679}</UniqueIdentifier>
    </Filter>
  </ItemGroup>
  <ItemGroup>
    <ClInclude Include="code\FrameWork.h" />
    <ClInclude Include="code\MyGame.h" />
    <ClInclude Include="code\scene\GameScene.h">
      <Filter>scene</Filter>
    </ClInclude>
    <ClInclude Include="code\component\Player\PlayerStates.h">
      <Filter>component\Player</Filter>
    </ClInclude>
    <ClInclude Include="code\component\Floor\FloorStates.h">
      <Filter>component\Floor</Filter>
    </ClInclude>
    <ClInclude Include="code\system\Piller\PillerPhysicsSystem.h">
      <Filter>system\Piller</Filter>
    </ClInclude>
    <ClInclude Include="code\component\Button.h" />
    <ClInclude Include="code\system\ButtonInputSystem.h" />
    <ClInclude Include="code\system\UpdateButtonColorByState.h" />
    <ClInclude Include="code\component\SceneChanger.h" />
    <ClInclude Include="code\system\ChangeSceneByButton.h" />
    <ClInclude Include="code\scene\TitleScene.h">
      <Filter>scene</Filter>
    </ClInclude>
    <ClInclude Include="code\system\Player\PlayerInput.h">
      <Filter>system\Player</Filter>
    </ClInclude>
    <ClInclude Include="code\component\ShockWave\ShockWaveSpawner.h">
      <Filter>component\ShockWave</Filter>
    </ClInclude>
    <ClInclude Include="code\component\Bom\BomSpawner.h">
      <Filter>component\Bom</Filter>
    </ClInclude>
    <ClInclude Include="code\system\Bom\PutBomSystem.h">
      <Filter>system\Bom</Filter>
    </ClInclude>
    <ClInclude Include="code\component\Bom\BomStatus.h">
      <Filter>component\Bom</Filter>
    </ClInclude>
    <ClInclude Include="code\component\Floor\BottomFloorStates.h">
      <Filter>component\Floor</Filter>
    </ClInclude>
    <ClInclude Include="code\component\Floor\FloorModeCreater.h">
      <Filter>component\Floor</Filter>
    </ClInclude>
    <ClInclude Include="code\system\Bom\BomExplotionSystem.h">
      <Filter>system\Bom</Filter>
    </ClInclude>
    <ClInclude Include="code\component\Bom\ExplotionCollision.h">
      <Filter>component\Bom</Filter>
    </ClInclude>
    <ClInclude Include="code\system\Bom\DeleteBomSystem.h">
      <Filter>system\Bom</Filter>
    </ClInclude>
    <ClInclude Include="code\system\Piller\CanageStateFallSystem.h">
      <Filter>system\Piller</Filter>
    </ClInclude>
    <ClInclude Include="code\system\Bom\DeleteExplotionCollision.h">
      <Filter>system\Bom</Filter>
    </ClInclude>
    <ClInclude Include="code\system\FloorAndPiller\TowerPositionSet.h">
      <Filter>system\FloorAndPiller</Filter>
    </ClInclude>
    <ClInclude Include="code\system\FloorAndPiller\FloorAndPillerFallSystem.h">
      <Filter>system\FloorAndPiller</Filter>
    </ClInclude>
    <ClInclude Include="code\system\Piller\PillerDamageSystem.h">
      <Filter>system\Piller</Filter>
    </ClInclude>
    <ClInclude Include="code\system\Player\PlayerFollowCameraSystem.h">
      <Filter>system\Player</Filter>
    </ClInclude>
    <ClInclude Include="code\system\Player\PlayerMoveSystem.h">
      <Filter>system\Player</Filter>
    </ClInclude>
    <ClInclude Include="code\system\Piller\PillerUpdateMatrixSystem.h">
      <Filter>system\Piller</Filter>
    </ClInclude>
    <ClInclude Include="code\system\Piller\DeletePillerEntitySystem.h">
      <Filter>system\Piller</Filter>
    </ClInclude>
    <ClInclude Include="code\system\Floor\DeleteFloorSystem.h">
      <Filter>system\Floor</Filter>
    </ClInclude>
    <ClInclude Include="code\system\Floor\FloorUpdateMatrixSystem.h">
      <Filter>system\Floor</Filter>
    </ClInclude>
    <ClInclude Include="code\component\Piller\PillerStatus.h">
      <Filter>component\Piller</Filter>
    </ClInclude>
    <ClInclude Include="code\component\Piller\PillerSpawner.h">
      <Filter>component\Piller</Filter>
    </ClInclude>
    <ClInclude Include="code\component\Combo\ComboStatus.h">
      <Filter>component\Combo</Filter>
    </ClInclude>
    <ClInclude Include="code\component\Combo\ComboUIStatus.h">
      <Filter>component\Combo</Filter>
    </ClInclude>
    <ClInclude Include="code\system\Combo\ComboUIScrollSystem.h">
      <Filter>system\Combo</Filter>
    </ClInclude>
  </ItemGroup>
  <ItemGroup>
    <ClCompile Include="code\FrameWork.cpp" />
    <ClCompile Include="code\MyGame.cpp" />
    <ClCompile Include="code\scene\GameScene.cpp">
      <Filter>scene</Filter>
    </ClCompile>
    <ClCompile Include="code\component\Player\PlayerStates.cpp">
      <Filter>component\Player</Filter>
    </ClCompile>
    <ClCompile Include="code\component\Floor\FloorStates.cpp">
      <Filter>component\Floor</Filter>
    </ClCompile>
    <ClCompile Include="code\system\Piller\PillerPhysicsSystem.cpp">
      <Filter>system\Piller</Filter>
    </ClCompile>
    <ClCompile Include="code\component\Button.cpp" />
    <ClCompile Include="code\system\ButtonInputSystem.cpp" />
    <ClCompile Include="code\system\UpdateButtonColorByState.cpp" />
    <ClCompile Include="code\component\SceneChanger.cpp" />
    <ClCompile Include="code\system\ChangeSceneByButton.cpp" />
    <ClCompile Include="code\scene\TitleScene.cpp">
      <Filter>scene</Filter>
    </ClCompile>
    <ClCompile Include="code\system\Player\PlayerInput.cpp">
      <Filter>system\Player</Filter>
    </ClCompile>
    <ClCompile Include="code\component\ShockWave\ShockWaveSpawner.cpp">
      <Filter>component\ShockWave</Filter>
    </ClCompile>
    <ClCompile Include="code\component\Bom\BomSpawner.cpp">
      <Filter>component\Bom</Filter>
    </ClCompile>
    <ClCompile Include="code\system\Bom\PutBomSystem.cpp">
      <Filter>system\Bom</Filter>
    </ClCompile>
    <ClCompile Include="code\component\Bom\BomStatus.cpp">
      <Filter>component\Bom</Filter>
    </ClCompile>
    <ClCompile Include="code\component\Floor\BottomFloorStates.cpp">
      <Filter>component\Floor</Filter>
    </ClCompile>
    <ClCompile Include="code\component\Floor\FloorModeCreater.cpp">
      <Filter>component\Floor</Filter>
    </ClCompile>
    <ClCompile Include="code\system\Bom\BomExplotionSystem.cpp">
      <Filter>system\Bom</Filter>
    </ClCompile>
    <ClCompile Include="code\component\Bom\ExplotionCollision.cpp">
      <Filter>component\Bom</Filter>
    </ClCompile>
    <ClCompile Include="code\system\Bom\DeleteBomSystem.cpp">
      <Filter>system\Bom</Filter>
    </ClCompile>
    <ClCompile Include="code\system\Piller\CanageStateFallSystem.cpp">
      <Filter>system\Piller</Filter>
    </ClCompile>
    <ClCompile Include="code\system\Bom\DeleteExplotionCollision.cpp">
      <Filter>system\Bom</Filter>
    </ClCompile>
    <ClCompile Include="code\system\FloorAndPiller\TowerPositionSet.cpp">
      <Filter>system\FloorAndPiller</Filter>
    </ClCompile>
    <ClCompile Include="code\system\FloorAndPiller\FloorAndPillerFallSystem.cpp">
      <Filter>system\FloorAndPiller</Filter>
    </ClCompile>
    <ClCompile Include="code\system\Piller\PillerDamageSystem.cpp">
      <Filter>system\Piller</Filter>
    </ClCompile>
    <ClCompile Include="code\system\Player\PlayerFollowCameraSystem.cpp">
      <Filter>system\Player</Filter>
    </ClCompile>
    <ClCompile Include="code\system\Player\PlayerMoveSystem.cpp">
      <Filter>system\Player</Filter>
    </ClCompile>
    <ClCompile Include="code\system\Piller\PillerUpdateMatrixSystem.cpp">
      <Filter>system\Piller</Filter>
    </ClCompile>
    <ClCompile Include="code\system\Piller\DeletePillerEntitySystem.cpp">
      <Filter>system\Piller</Filter>
    </ClCompile>
    <ClCompile Include="code\system\Floor\DeleteFloorSystem.cpp">
      <Filter>system\Floor</Filter>
    </ClCompile>
    <ClCompile Include="code\system\Floor\FloorUpdateMatrixSystem.cpp">
      <Filter>system\Floor</Filter>
    </ClCompile>
    <ClCompile Include="code\component\Piller\PillerStatus.cpp">
      <Filter>component\Piller</Filter>
    </ClCompile>
    <ClCompile Include="code\component\Piller\PillerSpawner.cpp">
      <Filter>component\Piller</Filter>
    </ClCompile>
    <ClCompile Include="code\component\Combo\ComboStatus.cpp">
      <Filter>component\Combo</Filter>
    </ClCompile>
    <ClCompile Include="code\component\Combo\ComboUIStatus.cpp">
      <Filter>component\Combo</Filter>
    </ClCompile>
    <ClCompile Include="code\system\Combo\ComboUIScrollSystem.cpp">
      <Filter>system\Combo</Filter>
    </ClCompile>
  </ItemGroup>
  <ItemGroup>
    <Text Include="component\ComponentTemplate.txt" />
  </ItemGroup>
</Project>