<?xml version="1.0" encoding="utf-8"?>
<Project ToolsVersion="4.0" xmlns="http://schemas.microsoft.com/developer/msbuild/2003">
  <ItemGroup>
    <Filter Include="component">
      <UniqueIdentifier>{18DEAB42-8448-60B9-CD86-115F39303E0E}</UniqueIdentifier>
    </Filter>
    <Filter Include="component\Block">
      <UniqueIdentifier>{32F59901-9E80-07C6-A791-8ABA139C63C6}</UniqueIdentifier>
    </Filter>
    <Filter Include="component\Bom">
      <UniqueIdentifier>{65173853-D1D7-B389-9A12-FD060692F865}</UniqueIdentifier>
    </Filter>
    <Filter Include="component\Combo">
      <UniqueIdentifier>{37AAAD01-A335-1BC6-AC46-9EBA185177C6}</UniqueIdentifier>
    </Filter>
    <Filter Include="component\Piller">
      <UniqueIdentifier>{8F0B4955-7B04-68A7-A436-4D2C908E47B3}</UniqueIdentifier>
    </Filter>
    <Filter Include="component\Player">
      <UniqueIdentifier>{34847955-207D-98A7-49AF-7D2C350778B3}</UniqueIdentifier>
    </Filter>
    <Filter Include="component\ShockWave">
      <UniqueIdentifier>{F2CC8286-5E2E-6094-E79B-A64653FC9653}</UniqueIdentifier>
    </Filter>
    <Filter Include="component\Timer">
      <UniqueIdentifier>{E800DE02-548C-4BC7-5D9D-CEBBC9A7A7C7}</UniqueIdentifier>
    </Filter>
    <Filter Include="scene">
      <UniqueIdentifier>{D3075810-3F1C-80C1-089E-232174717CF2}</UniqueIdentifier>
    </Filter>
    <Filter Include="system">
      <UniqueIdentifier>{8AE4EE1C-7686-19F3-5F41-2D474B82A043}</UniqueIdentifier>
    </Filter>
    <Filter Include="system\Block">
      <UniqueIdentifier>{2489F866-10EC-870B-B971-C0C1A5B3538E}</UniqueIdentifier>
    </Filter>
    <Filter Include="system\Bom">
      <UniqueIdentifier>{D7069D0B-C3BE-DE58-2CC6-B7B4189D7949}</UniqueIdentifier>
    </Filter>
    <Filter Include="system\Combo">
      <UniqueIdentifier>{293E0C67-15A1-9B0B-BE26-D4C1AA68678E}</UniqueIdentifier>
    </Filter>
    <Filter Include="system\FloatingFloor">
      <UniqueIdentifier>{0F01B216-FB8F-3BE0-A4AE-4FDB901C4C86}</UniqueIdentifier>
    </Filter>
    <Filter Include="system\Floor">
      <UniqueIdentifier>{BBEC4067-A74F-D00B-50D5-08C23C179C8E}</UniqueIdentifier>
    </Filter>
    <Filter Include="system\FloorAndPiller">
      <UniqueIdentifier>{7625AA2C-E291-6527-AB85-FD8417B1878F}</UniqueIdentifier>
    </Filter>
    <Filter Include="system\Matrix">
      <UniqueIdentifier>{EE5CEE5E-5A1D-6A95-2358-B3128FD7AE71}</UniqueIdentifier>
    </Filter>
    <Filter Include="system\Player">
      <UniqueIdentifier>{6696AA66-D256-269D-9B91-6F1A07116B79}</UniqueIdentifier>
    </Filter>
    <Filter Include="system\Timer">
      <UniqueIdentifier>{DA943C68-C6F7-CB0C-6F7D-04C35BBF978F}</UniqueIdentifier>
    </Filter>
    <Filter Include="component\Scrap">
      <UniqueIdentifier>{818de68b-ec3f-4c9b-ad56-3f786849b122}</UniqueIdentifier>
    </Filter>
    <Filter Include="system\scrap">
      <UniqueIdentifier>{991bf3cd-f194-4718-a592-c812f35ab967}</UniqueIdentifier>
    </Filter>
    <Filter Include="component\BigBom">
      <UniqueIdentifier>{344f6976-9132-45ee-a6a9-94043d3982e9}</UniqueIdentifier>
    </Filter>
    <Filter Include="system\BigBom">
      <UniqueIdentifier>{173f64c8-99a3-4c5e-9f72-6618e7a59739}</UniqueIdentifier>
    </Filter>
  </ItemGroup>
  <ItemGroup>
    <ClInclude Include="code\FrameWork.h" />
    <ClInclude Include="code\MyGame.h" />
    <ClInclude Include="code\component\Block\BlockManager.h">
      <Filter>component\Block</Filter>
    </ClInclude>
    <ClInclude Include="code\component\Block\BlockStatus.h">
      <Filter>component\Block</Filter>
    </ClInclude>
    <ClInclude Include="code\component\Bom\BomSpawner.h">
      <Filter>component\Bom</Filter>
    </ClInclude>
    <ClInclude Include="code\component\Bom\BomStatus.h">
      <Filter>component\Bom</Filter>
    </ClInclude>
    <ClInclude Include="code\component\Bom\ExplotionCollision.h">
      <Filter>component\Bom</Filter>
    </ClInclude>
    <ClInclude Include="code\component\Button.h">
      <Filter>component</Filter>
    </ClInclude>
    <ClInclude Include="code\component\Combo\ComboStatus.h">
      <Filter>component\Combo</Filter>
    </ClInclude>
    <ClInclude Include="code\component\Combo\ComboUIStatus.h">
      <Filter>component\Combo</Filter>
    </ClInclude>
    <ClInclude Include="code\component\Piller\FloatingFloorSpawner.h">
      <Filter>component\Piller</Filter>
    </ClInclude>
    <ClInclude Include="code\component\Piller\FloatingFloorStatus.h">
      <Filter>component\Piller</Filter>
    </ClInclude>
    <ClInclude Include="code\component\Player\PlayerStates.h">
      <Filter>component\Player</Filter>
    </ClInclude>
    <ClInclude Include="code\component\SceneChanger.h">
      <Filter>component</Filter>
    </ClInclude>
    <ClInclude Include="code\component\ShockWave\ShockWaveSpawner.h">
      <Filter>component\ShockWave</Filter>
    </ClInclude>
    <ClInclude Include="code\component\Timer\TimerStatus.h">
      <Filter>component\Timer</Filter>
    </ClInclude>
    <ClInclude Include="code\component\Timer\TimerUIStatus.h">
      <Filter>component\Timer</Filter>
    </ClInclude>
    <ClInclude Include="code\scene\GameScene.h">
      <Filter>scene</Filter>
    </ClInclude>
    <ClInclude Include="code\scene\TitleScene.h">
      <Filter>scene</Filter>
    </ClInclude>
    <ClInclude Include="code\system\Block\BlockExBomCollision.h">
      <Filter>system\Block</Filter>
    </ClInclude>
    <ClInclude Include="code\system\Block\BlockMoveSystem.h">
      <Filter>system\Block</Filter>
    </ClInclude>
    <ClInclude Include="code\system\Block\BlockSpawnSystem.h">
      <Filter>system\Block</Filter>
    </ClInclude>
    <ClInclude Include="code\system\Block\BreakBlockSystem.h">
      <Filter>system\Block</Filter>
    </ClInclude>
    <ClInclude Include="code\system\Block\DeleteBlockSystem.h">
      <Filter>system\Block</Filter>
    </ClInclude>
    <ClInclude Include="code\system\Block\MoveSpeedChangeSystem.h">
      <Filter>system\Block</Filter>
    </ClInclude>
    <ClInclude Include="code\system\Bom\BomCollisionExSystem.h">
      <Filter>system\Bom</Filter>
    </ClInclude>
    <ClInclude Include="code\system\Bom\BomExplotionSystem.h">
      <Filter>system\Bom</Filter>
    </ClInclude>
    <ClInclude Include="code\system\Bom\DeleteBomSystem.h">
      <Filter>system\Bom</Filter>
    </ClInclude>
    <ClInclude Include="code\system\Bom\DeleteExplotionCollision.h">
      <Filter>system\Bom</Filter>
    </ClInclude>
    <ClInclude Include="code\system\Bom\PutBomSystem.h">
      <Filter>system\Bom</Filter>
    </ClInclude>
    <ClInclude Include="code\system\ButtonInputSystem.h">
      <Filter>system</Filter>
    </ClInclude>
    <ClInclude Include="code\system\ChangeSceneByButton.h">
      <Filter>system</Filter>
    </ClInclude>
    <ClInclude Include="code\system\Combo\ComboSystem.h">
      <Filter>system\Combo</Filter>
    </ClInclude>
    <ClInclude Include="code\system\Combo\ComboUIScrollSystem.h">
      <Filter>system\Combo</Filter>
    </ClInclude>
    <ClInclude Include="code\system\FloatingFloor\CanageStateFallSystem.h">
      <Filter>system\FloatingFloor</Filter>
    </ClInclude>
    <ClInclude Include="code\system\FloatingFloor\CreateFloorSystem.h">
      <Filter>system\FloatingFloor</Filter>
    </ClInclude>
    <ClInclude Include="code\system\FloatingFloor\DeleteFloatingFloorSystem.h">
      <Filter>system\FloatingFloor</Filter>
    </ClInclude>
    <ClInclude Include="code\system\FloatingFloor\FloatingFloorDamageSystem.h">
      <Filter>system\FloatingFloor</Filter>
    </ClInclude>
    <ClInclude Include="code\system\FloatingFloor\FloatingFloorFallSystem.h">
      <Filter>system\FloatingFloor</Filter>
    </ClInclude>
    <ClInclude Include="code\system\Floor\DeleteFloorSystem.h">
      <Filter>system\Floor</Filter>
    </ClInclude>
    <ClInclude Include="code\system\Floor\FloorUpdateMatrixSystem.h">
      <Filter>system\Floor</Filter>
    </ClInclude>
    <ClInclude Include="code\system\Matrix\UpdateMatrixSystem.h">
      <Filter>system\Matrix</Filter>
    </ClInclude>
    <ClInclude Include="code\system\Player\PlayerFollowCameraSystem.h">
      <Filter>system\Player</Filter>
    </ClInclude>
    <ClInclude Include="code\system\Player\PlayerInput.h">
      <Filter>system\Player</Filter>
    </ClInclude>
    <ClInclude Include="code\system\Player\PlayerMoveSystem.h">
      <Filter>system\Player</Filter>
    </ClInclude>
    <ClInclude Include="code\system\Timer\TimerDecrementSystem.h">
      <Filter>system\Timer</Filter>
    </ClInclude>
    <ClInclude Include="code\system\Timer\TimerUIScrollSystem.h">
      <Filter>system\Timer</Filter>
    </ClInclude>
    <ClInclude Include="code\system\UpdateButtonColorByState.h">
      <Filter>system</Filter>
    </ClInclude>
    <ClInclude Include="code\component\Scrap\ScrapSpawner.h">
      <Filter>component\Scrap</Filter>
    </ClInclude>
    <ClInclude Include="code\component\Scrap\ScrapStatus.h">
      <Filter>component\Scrap</Filter>
    </ClInclude>
    <ClInclude Include="code\system\scrap\ScrapFallSystem.h">
      <Filter>system\scrap</Filter>
    </ClInclude>
    <ClInclude Include="code\system\scrap\ScrapDeleteSystem.h">
      <Filter>system\scrap</Filter>
    </ClInclude>
    <ClInclude Include="code\system\scrap\ScrapToPlayerCollisionSystem.h">
      <Filter>system\scrap</Filter>
    </ClInclude>
    <ClInclude Include="code\component\BigBom\BigBomSpawner.h">
      <Filter>component\BigBom</Filter>
    </ClInclude>
    <ClInclude Include="code\component\BigBom\BigBomStatus.h">
      <Filter>component\BigBom</Filter>
    </ClInclude>
    <ClInclude Include="code\component\BigBom\BigExplotionCollision.h">
      <Filter>component\BigBom</Filter>
    </ClInclude>
    <ClInclude Include="code\system\Player\PlayerCreateBigBomSystem.h">
      <Filter>system\Player</Filter>
    </ClInclude>
    <ClInclude Include="code\system\BigBom\BigBomInputSystem.h">
      <Filter>system\BigBom</Filter>
    </ClInclude>
    <ClInclude Include="code\system\BigBom\BigBomLaunchSystem.h">
      <Filter>system\BigBom</Filter>
    </ClInclude>
    <ClInclude Include="code\system\FloatingFloor\FloatingFloorRevivalSystem.h">
      <Filter>system\FloatingFloor</Filter>
    </ClInclude>
  </ItemGroup>
  <ItemGroup>
    <ClCompile Include="code\FrameWork.cpp" />
    <ClCompile Include="code\MyGame.cpp" />
    <ClCompile Include="code\component\Block\BlockManager.cpp">
      <Filter>component\Block</Filter>
    </ClCompile>
    <ClCompile Include="code\component\Block\BlockStatus.cpp">
      <Filter>component\Block</Filter>
    </ClCompile>
    <ClCompile Include="code\component\Bom\BomSpawner.cpp">
      <Filter>component\Bom</Filter>
    </ClCompile>
    <ClCompile Include="code\component\Bom\BomStatus.cpp">
      <Filter>component\Bom</Filter>
    </ClCompile>
    <ClCompile Include="code\component\Bom\ExplotionCollision.cpp">
      <Filter>component\Bom</Filter>
    </ClCompile>
    <ClCompile Include="code\component\Button.cpp">
      <Filter>component</Filter>
    </ClCompile>
    <ClCompile Include="code\component\Combo\ComboStatus.cpp">
      <Filter>component\Combo</Filter>
    </ClCompile>
    <ClCompile Include="code\component\Combo\ComboUIStatus.cpp">
      <Filter>component\Combo</Filter>
    </ClCompile>
    <ClCompile Include="code\component\Piller\FloatingFloorSpawner.cpp">
      <Filter>component\Piller</Filter>
    </ClCompile>
    <ClCompile Include="code\component\Piller\FloatingFloorStatus.cpp">
      <Filter>component\Piller</Filter>
    </ClCompile>
    <ClCompile Include="code\component\Player\PlayerStates.cpp">
      <Filter>component\Player</Filter>
    </ClCompile>
    <ClCompile Include="code\component\SceneChanger.cpp">
      <Filter>component</Filter>
    </ClCompile>
    <ClCompile Include="code\component\ShockWave\ShockWaveSpawner.cpp">
      <Filter>component\ShockWave</Filter>
    </ClCompile>
    <ClCompile Include="code\component\Timer\TimerStatus.cpp">
      <Filter>component\Timer</Filter>
    </ClCompile>
    <ClCompile Include="code\component\Timer\TimerUIStatus.cpp">
      <Filter>component\Timer</Filter>
    </ClCompile>
    <ClCompile Include="code\scene\GameScene.cpp">
      <Filter>scene</Filter>
    </ClCompile>
    <ClCompile Include="code\scene\TitleScene.cpp">
      <Filter>scene</Filter>
    </ClCompile>
    <ClCompile Include="code\system\Block\BlockExBomCollision.cpp">
      <Filter>system\Block</Filter>
    </ClCompile>
    <ClCompile Include="code\system\Block\BlockMoveSystem.cpp">
      <Filter>system\Block</Filter>
    </ClCompile>
    <ClCompile Include="code\system\Block\BlockSpawnSystem.cpp">
      <Filter>system\Block</Filter>
    </ClCompile>
    <ClCompile Include="code\system\Block\BreakBlockSystem.cpp">
      <Filter>system\Block</Filter>
    </ClCompile>
    <ClCompile Include="code\system\Block\DeleteBlockSystem.cpp">
      <Filter>system\Block</Filter>
    </ClCompile>
    <ClCompile Include="code\system\Block\MoveSpeedChangeSystem.cpp">
      <Filter>system\Block</Filter>
    </ClCompile>
    <ClCompile Include="code\system\Bom\BomCollisionExSystem.cpp">
      <Filter>system\Bom</Filter>
    </ClCompile>
    <ClCompile Include="code\system\Bom\BomExplotionSystem.cpp">
      <Filter>system\Bom</Filter>
    </ClCompile>
    <ClCompile Include="code\system\Bom\DeleteBomSystem.cpp">
      <Filter>system\Bom</Filter>
    </ClCompile>
    <ClCompile Include="code\system\Bom\DeleteExplotionCollision.cpp">
      <Filter>system\Bom</Filter>
    </ClCompile>
    <ClCompile Include="code\system\Bom\PutBomSystem.cpp">
      <Filter>system\Bom</Filter>
    </ClCompile>
    <ClCompile Include="code\system\ButtonInputSystem.cpp">
      <Filter>system</Filter>
    </ClCompile>
    <ClCompile Include="code\system\ChangeSceneByButton.cpp">
      <Filter>system</Filter>
    </ClCompile>
    <ClCompile Include="code\system\Combo\ComboSystem.cpp">
      <Filter>system\Combo</Filter>
    </ClCompile>
    <ClCompile Include="code\system\Combo\ComboUIScrollSystem.cpp">
      <Filter>system\Combo</Filter>
    </ClCompile>
    <ClCompile Include="code\system\FloatingFloor\CanageStateFallSystem.cpp">
      <Filter>system\FloatingFloor</Filter>
    </ClCompile>
    <ClCompile Include="code\system\FloatingFloor\CreateFloorSystem.cpp">
      <Filter>system\FloatingFloor</Filter>
    </ClCompile>
    <ClCompile Include="code\system\FloatingFloor\DeleteFloatingFloorSystem.cpp">
      <Filter>system\FloatingFloor</Filter>
    </ClCompile>
    <ClCompile Include="code\system\FloatingFloor\FloatingFloorDamageSystem.cpp">
      <Filter>system\FloatingFloor</Filter>
    </ClCompile>
    <ClCompile Include="code\system\FloatingFloor\FloatingFloorFallSystem.cpp">
      <Filter>system\FloatingFloor</Filter>
    </ClCompile>
    <ClCompile Include="code\system\Floor\DeleteFloorSystem.cpp">
      <Filter>system\Floor</Filter>
    </ClCompile>
    <ClCompile Include="code\system\Floor\FloorUpdateMatrixSystem.cpp">
      <Filter>system\Floor</Filter>
    </ClCompile>
    <ClCompile Include="code\system\Matrix\UpdateMatrixSystem.cpp">
      <Filter>system\Matrix</Filter>
    </ClCompile>
    <ClCompile Include="code\system\Player\PlayerFollowCameraSystem.cpp">
      <Filter>system\Player</Filter>
    </ClCompile>
    <ClCompile Include="code\system\Player\PlayerInput.cpp">
      <Filter>system\Player</Filter>
    </ClCompile>
    <ClCompile Include="code\system\Player\PlayerMoveSystem.cpp">
      <Filter>system\Player</Filter>
    </ClCompile>
    <ClCompile Include="code\system\Timer\TimerDecrementSystem.cpp">
      <Filter>system\Timer</Filter>
    </ClCompile>
    <ClCompile Include="code\system\Timer\TimerUIScrollSystem.cpp">
      <Filter>system\Timer</Filter>
    </ClCompile>
    <ClCompile Include="code\system\UpdateButtonColorByState.cpp">
      <Filter>system</Filter>
    </ClCompile>
    <ClCompile Include="code\component\Scrap\ScrapSpawner.cpp">
      <Filter>component\Scrap</Filter>
    </ClCompile>
    <ClCompile Include="code\component\Scrap\ScrapStatus.cpp">
      <Filter>component\Scrap</Filter>
    </ClCompile>
    <ClCompile Include="code\system\scrap\ScrapFallSystem.cpp">
      <Filter>system\scrap</Filter>
    </ClCompile>
    <ClCompile Include="code\system\scrap\ScrapDeleteSystem.cpp">
      <Filter>system\scrap</Filter>
    </ClCompile>
    <ClCompile Include="code\system\scrap\ScrapToPlayerCollisionSystem.cpp">
      <Filter>system\scrap</Filter>
    </ClCompile>
    <ClCompile Include="code\component\BigBom\BigBomSpawner.cpp">
      <Filter>component\BigBom</Filter>
    </ClCompile>
    <ClCompile Include="code\component\BigBom\BigBomStatus.cpp">
      <Filter>component\BigBom</Filter>
    </ClCompile>
    <ClCompile Include="code\component\BigBom\BigExplotionCollision.cpp">
      <Filter>component\BigBom</Filter>
    </ClCompile>
    <ClCompile Include="code\system\Player\PlayerCreateBigBomSystem.cpp">
      <Filter>system\Player</Filter>
    </ClCompile>
    <ClCompile Include="code\system\BigBom\BigBomInputSystem.cpp">
      <Filter>system\BigBom</Filter>
    </ClCompile>
    <ClCompile Include="code\system\BigBom\BigBomLaunchSystem.cpp">
      <Filter>system\BigBom</Filter>
    </ClCompile>
    <ClCompile Include="code\system\FloatingFloor\FloatingFloorRevivalSystem.cpp">
      <Filter>system\FloatingFloor</Filter>
    </ClCompile>
  </ItemGroup>
</Project>